<?xml version="1.0" encoding="UTF-8" standalone="yes" ?>
<CodeBlocks_project_file>
	<FileVersion major="1" minor="6" />
	<Project>
		<Option title="epuckclient-cbp" />
		<Option pch_mode="2" />
		<Option compiler="gcc" />
		<Build>
			<Target title="Debug">
				<Option output="bin/Debug/epuckclient-170709-v1" prefix_auto="1" extension_auto="1" />
				<Option object_output="obj/Debug/" />
				<Option type="1" />
				<Option compiler="gcc" />
				<Compiler>
					<Add option="-g" />
				</Compiler>
			</Target>
		</Build>
		<Compiler>
			<Add option="-Wall" />
			<Add option="`pkg-config playerc++ --cflags`" />
			<Add option="`pkg-config opencv --cflags`" />
			<Add option="`wx-config --cflags`" />
			<Add option="-I/usr/include/opencv" />
			<Add directory="../code/client" />
			<Add directory="../code/sharedfiles" />
		</Compiler>
		<Linker>
			<Add option="`pkg-config playerc++ --libs`" />
			<Add option="`wx-config --libs`" />
		</Linker>
		<Unit filename="../code/client/ClientMain.cpp" />
		<Unit filename="../code/client/ClientMain.h" />
		<Unit filename="../code/client/EpuckNavigator.cpp" />
		<Unit filename="../code/client/EpuckNavigator.h" />
		<Unit filename="../code/client/EpuckPlayerClient.cpp" />
		<Unit filename="../code/client/EpuckPlayerClient.h" />
		<Unit filename="../code/sharedfiles/DataStructure.cpp" />
		<Unit filename="../code/sharedfiles/DataStructure.h" />
		<Unit filename="../code/sharedfiles/DataStructureRobotDevices.cpp" />
		<Unit filename="../code/sharedfiles/DataStructureRobotDevices.h" />
		<Unit filename="../code/sharedfiles/DataStructureShopTasks.cpp" />
		<Unit filename="../code/sharedfiles/DataStructureShopTasks.h" />
		<Unit filename="../code/sharedfiles/LiveGraphDataWriter.cpp" />
		<Unit filename="../code/sharedfiles/LiveGraphDataWriter.h" />
		<Unit filename="../code/sharedfiles/NavigationCommand.cpp" />
		<Unit filename="../code/sharedfiles/NavigationCommand.h" />
		<Unit filename="../code/sharedfiles/NavigationEvent.cpp" />
		<Unit filename="../code/sharedfiles/NavigationEvent.h" />
		<Unit filename="../code/sharedfiles/RILObjects.cpp" />
		<Unit filename="../code/sharedfiles/RILObjects.h" />
		<Unit filename="../code/sharedfiles/RILSetup.cpp" />
		<Unit filename="../code/sharedfiles/RILSetup.h" />
		<Unit filename="../code/sharedfiles/Random.cpp" />
		<Unit filename="../code/sharedfiles/Random.h" />
		<Unit filename="../code/sharedfiles/RandomExponential.cpp" />
		<Unit filename="../code/sharedfiles/RandomExponential.h" />
		<Unit filename="../code/sharedfiles/RandomMersenneTwister.h" />
		<Unit filename="../code/sharedfiles/RandomNormal.cpp" />
		<Unit filename="../code/sharedfiles/RandomNormal.h" />
		<Unit filename="../code/sharedfiles/RandomPoisson.cpp" />
		<Unit filename="../code/sharedfiles/RandomPoisson.h" />
		<Unit filename="../code/sharedfiles/RobotDevice.cpp" />
		<Unit filename="../code/sharedfiles/RobotDevice.h" />
		<Unit filename="../code/sharedfiles/RobotTaskSelector.cpp" />
		<Unit filename="../code/sharedfiles/RobotTaskSelector.h" />
		<Unit filename="../code/sharedfiles/SHMConfig.cpp" />
		<Unit filename="../code/sharedfiles/SHMConfig.h" />
		<Unit filename="../code/sharedfiles/ShopTask.cpp" />
		<Unit filename="../code/sharedfiles/ShopTask.h" />
		<Unit filename="../code/sharedfiles/Sleep.cpp" />
		<Unit filename="../code/sharedfiles/Sleep.h" />
		<Unit filename="../code/sharedfiles/Util.cpp" />
		<Unit filename="../code/sharedfiles/Util.h" />
		<Extensions>
			<code_completion />
			<envvars />
			<lib_finder disable_auto="1" />
			<debugger />
		</Extensions>
	</Project>
</CodeBlocks_project_file>
